
Microsoft Visual Studio Solution File, Format Version 12.00
# Visual Studio Version 17
VisualStudioVersion = 17.5.002.0
MinimumVisualStudioVersion = 10.0.40219.1
Project("{9A19103F-16F7-4668-BE54-9A1E7A4F7556}") = "API", "API.csproj", "{24D46771-8F62-4069-969B-A033271F4690}"
EndProject
Global
	GlobalSection(SolutionConfigurationPlatforms) = preSolution
		Debug|Any CPU = Debug|Any CPU
		Release|Any CPU = Release|Any CPU
	EndGlobalSection
	GlobalSection(ProjectConfigurationPlatforms) = postSolution
		{24D46771-8F62-4069-969B-A033271F4690}.Debug|Any CPU.ActiveCfg = Debug|Any CPU
		{24D46771-8F62-4069-969B-A033271F4690}.Debug|Any CPU.Build.0 = Debug|Any CPU
		{24D46771-8F62-4069-969B-A033271F4690}.Release|Any CPU.ActiveCfg = Release|Any CPU
		{24D46771-8F62-4069-969B-A033271F4690}.Release|Any CPU.Build.0 = Release|Any CPU
	EndGlobalSection
	GlobalSection(SolutionProperties) = preSolution
		HideSolutionNode = FALSE
	EndGlobalSection
	GlobalSection(ExtensibilityGlobals) = postSolution
		SolutionGuid = {63709A6D-763B-407E-B14E-EAA8683C3EEF}
	EndGlobalSection
EndGlobal
